
Microsoft Visual Studio Solution File, Format Version 12.00
# Visual Studio 15
VisualStudioVersion = 15.0.27004.2008
MinimumVisualStudioVersion = 10.0.40219.1
Project("{FAE04EC0-301F-11D3-BF4B-00C04F79EFBC}") = "CS350Exam", "CS350Exam\CS350Exam.csproj", "{E7DBC2DA-AEEB-4A63-970D-3F8BA0A2994E}"
EndProject
Global
	GlobalSection(SolutionConfigurationPlatforms) = preSolution
		Debug|Any CPU = Debug|Any CPU
		Release|Any CPU = Release|Any CPU
	EndGlobalSection
	GlobalSection(ProjectConfigurationPlatforms) = postSolution
		{E7DBC2DA-AEEB-4A63-970D-3F8BA0A2994E}.Debug|Any CPU.ActiveCfg = Debug|Any CPU
		{E7DBC2DA-AEEB-4A63-970D-3F8BA0A2994E}.Debug|Any CPU.Build.0 = Debug|Any CPU
		{E7DBC2DA-AEEB-4A63-970D-3F8BA0A2994E}.Release|Any CPU.ActiveCfg = Release|Any CPU
		{E7DBC2DA-AEEB-4A63-970D-3F8BA0A2994E}.Release|Any CPU.Build.0 = Release|Any CPU
	EndGlobalSection
	GlobalSection(SolutionProperties) = preSolution
		HideSolutionNode = FALSE
	EndGlobalSection
	GlobalSection(ExtensibilityGlobals) = postSolution
		SolutionGuid = {2B112C0C-D4E2-4D80-AA66-A6003CFB2D44}
	EndGlobalSection
EndGlobal
